
Microsoft Visual Studio Solution File, Format Version 12.00
# Visual Studio 2013
VisualStudioVersion = 12.0.30723.0
MinimumVisualStudioVersion = 10.0.40219.1
Project("{FAE04EC0-301F-11D3-BF4B-00C04F79EFBC}") = "CancerQuestPretotype_Droid", "CancerQuestPretotype_Droid\CancerQuestPretotype_Droid.csproj", "{C271A551-D401-4669-8BA0-D8614DD57327}"
EndProject
Global
	GlobalSection(SolutionConfigurationPlatforms) = preSolution
		Debug|Any CPU = Debug|Any CPU
		Release|Any CPU = Release|Any CPU
	EndGlobalSection
	GlobalSection(ProjectConfigurationPlatforms) = postSolution
		{C271A551-D401-4669-8BA0-D8614DD57327}.Debug|Any CPU.ActiveCfg = Debug|Any CPU
		{C271A551-D401-4669-8BA0-D8614DD57327}.Debug|Any CPU.Build.0 = Debug|Any CPU
		{C271A551-D401-4669-8BA0-D8614DD57327}.Debug|Any CPU.Deploy.0 = Debug|Any CPU
		{C271A551-D401-4669-8BA0-D8614DD57327}.Release|Any CPU.ActiveCfg = Release|Any CPU
		{C271A551-D401-4669-8BA0-D8614DD57327}.Release|Any CPU.Build.0 = Release|Any CPU
	EndGlobalSection
	GlobalSection(SolutionProperties) = preSolution
		HideSolutionNode = FALSE
	EndGlobalSection
	GlobalSection(MonoDevelopProperties) = preSolution
		StartupItem = CancerQuestPretotype_Droid\CancerQuestPretotype_Droid.csproj
	EndGlobalSection
EndGlobal
